
Microsoft Visual Studio Solution File, Format Version 12.00
# Visual Studio 15
VisualStudioVersion = 15.0.27703.2018
MinimumVisualStudioVersion = 10.0.40219.1
Project("{FAE04EC0-301F-11D3-BF4B-00C04F79EFBC}") = "OxyplotCrosshair", "OxyplotCrosshair\OxyplotCrosshair.csproj", "{F56F07F4-65D0-4084-8197-F40C6FD96CF5}"
EndProject
Global
	GlobalSection(SolutionConfigurationPlatforms) = preSolution
		Debug|Any CPU = Debug|Any CPU
		Release|Any CPU = Release|Any CPU
	EndGlobalSection
	GlobalSection(ProjectConfigurationPlatforms) = postSolution
		{F56F07F4-65D0-4084-8197-F40C6FD96CF5}.Debug|Any CPU.ActiveCfg = Debug|Any CPU
		{F56F07F4-65D0-4084-8197-F40C6FD96CF5}.Debug|Any CPU.Build.0 = Debug|Any CPU
		{F56F07F4-65D0-4084-8197-F40C6FD96CF5}.Release|Any CPU.ActiveCfg = Release|Any CPU
		{F56F07F4-65D0-4084-8197-F40C6FD96CF5}.Release|Any CPU.Build.0 = Release|Any CPU
	EndGlobalSection
	GlobalSection(SolutionProperties) = preSolution
		HideSolutionNode = FALSE
	EndGlobalSection
	GlobalSection(ExtensibilityGlobals) = postSolution
		SolutionGuid = {CCDB804F-389B-4DFA-A2FE-359D7C57D3AA}
	EndGlobalSection
EndGlobal
